<?xml version="1.0" encoding="utf-8"?>
<Project ToolsVersion="4.0" xmlns="http://schemas.microsoft.com/developer/msbuild/2003">
  <ItemGroup>
    <Filter Include="Resource Files">
      <UniqueIdentifier>{67DA6AB6-F800-4c08-8B7A-83BB121AAD01}</UniqueIdentifier>
      <Extensions>rc;ico;cur;bmp;dlg;rc2;rct;bin;rgs;gif;jpg;jpeg;jpe;resx;tiff;tif;png;wav;mfcribbon-ms</Extensions>
    </Filter>
    <Filter Include="Src">
      <UniqueIdentifier>{4FC737F1-C7A5-4376-A066-2A32D752A2FF}</UniqueIdentifier>
      <Extensions>cpp;c;cc;cxx;def;odl;idl;hpj;bat;asm;asmx</Extensions>
    </Filter>
    <Filter Include="Src\CardReader">
      <UniqueIdentifier>{f2b0a7e4-990a-405f-8195-f18100499310}</UniqueIdentifier>
    </Filter>
    <Filter Include="Src\Presentation">
      <UniqueIdentifier>{c683c9dc-6868-499e-912f-bfef438bd100}</UniqueIdentifier>
    </Filter>
    <Filter Include="Src\Logger">
      <UniqueIdentifier>{05281ed2-16e4-4191-9fbf-da97fb3bc6de}</UniqueIdentifier>
    </Filter>
  </ItemGroup>
  <ItemGroup>
    <ClCompile Include="Esp32NMCI.ino" />
    <ClCompile Include="src\CardReader\NdefHelper.cpp">
      <Filter>Src\CardReader</Filter>
    </ClCompile>
    <ClCompile Include="src\CardReader\CardPayloadProcessor.cpp">
      <Filter>Src\CardReader</Filter>
    </ClCompile>
    <ClCompile Include="src\CardReader\Type2TagReader.cpp">
      <Filter>Src\CardReader</Filter>
    </ClCompile>
    <ClCompile Include="src\Presentation\ButtonManager.cpp">
      <Filter>Src\Presentation</Filter>
    </ClCompile>
    <ClCompile Include="src\Logger\Logger.cpp">
      <Filter>Src\Logger</Filter>
    </ClCompile>
    <ClCompile Include="src\CardReader\CardReaderManager.cpp">
      <Filter>Src\CardReader</Filter>
    </ClCompile>
    <ClCompile Include="src\Presentation\DisplayManager.cpp">
      <Filter>Src</Filter>
    </ClCompile>
  </ItemGroup>
  <ItemGroup>
    <ClInclude Include="__vm\.Esp32NMCI.vsarduino.h">
      <Filter>Src</Filter>
    </ClInclude>
    <ClInclude Include="src\CardReader\NdefHelper.h">
      <Filter>Src\CardReader</Filter>
    </ClInclude>
    <ClInclude Include="src\CardReader\Type2TagReader.h">
      <Filter>Src\CardReader</Filter>
    </ClInclude>
    <ClInclude Include="..\..\config.h" />
    <ClInclude Include="src\Presentation\ButtonManager.h">
      <Filter>Src\Presentation</Filter>
    </ClInclude>
    <ClInclude Include="src\Logger\Logger.h">
      <Filter>Src\Logger</Filter>
    </ClInclude>
    <ClInclude Include="src\CardReader\CardReaderManager.h">
      <Filter>Src\CardReader</Filter>
    </ClInclude>
    <ClInclude Include="src\CardReader\CardPayloadProcessor.h">
      <Filter>Src\CardReader</Filter>
    </ClInclude>
    <ClInclude Include="src\Presentation\DisplayManager.h" />
  </ItemGroup>
</Project>